
Microsoft Visual Studio Solution File, Format Version 12.00
# Visual Studio Version 17
VisualStudioVersion = 17.0.31903.59
MinimumVisualStudioVersion = 10.0.40219.1
Project("{9A19103F-16F7-4668-BE54-9A1E7A4F7556}") = "SunamoMathpix.Tests", "SunamoMathpix.Tests\\SunamoMathpix.Tests.csproj", "{322E2B72-8445-4A41-8379-43568FB90EDA}"
EndProject
Project("{FAE04EC0-301F-11D3-BF4B-00C04F79EFBC}") = "RunnerMathpix", "RunnerMathpix\\RunnerMathpix.csproj", "{BFEF4077-5233-421E-A9FB-B6EA3E2C34A8}"
EndProject
Project("{FAE04EC0-301F-11D3-BF4B-00C04F79EFBC}") = "SunamoMathpix", "SunamoMathpix\SunamoMathpix.csproj", "{3B62D57E-6A5E-4C54-946C-417A36D0F46F}"
EndProject
Global
	GlobalSection(SolutionConfigurationPlatforms) = preSolution
		Debug|Any CPU = Debug|Any CPU
		Debug|x64 = Debug|x64
		Debug|x86 = Debug|x86
		Release|Any CPU = Release|Any CPU
		Release|x64 = Release|x64
		Release|x86 = Release|x86
	EndGlobalSection
	GlobalSection(ProjectConfigurationPlatforms) = postSolution
		{322E2B72-8445-4A41-8379-43568FB90EDA}.Debug|Any CPU.ActiveCfg = Debug|Any CPU
		{322E2B72-8445-4A41-8379-43568FB90EDA}.Debug|Any CPU.Build.0 = Debug|Any CPU
		{322E2B72-8445-4A41-8379-43568FB90EDA}.Debug|x64.ActiveCfg = Debug|Any CPU
		{322E2B72-8445-4A41-8379-43568FB90EDA}.Debug|x64.Build.0 = Debug|Any CPU
		{322E2B72-8445-4A41-8379-43568FB90EDA}.Debug|x86.ActiveCfg = Debug|Any CPU
		{322E2B72-8445-4A41-8379-43568FB90EDA}.Debug|x86.Build.0 = Debug|Any CPU
		{322E2B72-8445-4A41-8379-43568FB90EDA}.Release|Any CPU.ActiveCfg = Release|Any CPU
		{322E2B72-8445-4A41-8379-43568FB90EDA}.Release|Any CPU.Build.0 = Release|Any CPU
		{322E2B72-8445-4A41-8379-43568FB90EDA}.Release|x64.ActiveCfg = Release|Any CPU
		{322E2B72-8445-4A41-8379-43568FB90EDA}.Release|x64.Build.0 = Release|Any CPU
		{322E2B72-8445-4A41-8379-43568FB90EDA}.Release|x86.ActiveCfg = Release|Any CPU
		{322E2B72-8445-4A41-8379-43568FB90EDA}.Release|x86.Build.0 = Release|Any CPU
		{BFEF4077-5233-421E-A9FB-B6EA3E2C34A8}.Debug|Any CPU.ActiveCfg = Debug|Any CPU
		{BFEF4077-5233-421E-A9FB-B6EA3E2C34A8}.Debug|Any CPU.Build.0 = Debug|Any CPU
		{BFEF4077-5233-421E-A9FB-B6EA3E2C34A8}.Debug|x64.ActiveCfg = Debug|Any CPU
		{BFEF4077-5233-421E-A9FB-B6EA3E2C34A8}.Debug|x64.Build.0 = Debug|Any CPU
		{BFEF4077-5233-421E-A9FB-B6EA3E2C34A8}.Debug|x86.ActiveCfg = Debug|Any CPU
		{BFEF4077-5233-421E-A9FB-B6EA3E2C34A8}.Debug|x86.Build.0 = Debug|Any CPU
		{BFEF4077-5233-421E-A9FB-B6EA3E2C34A8}.Release|Any CPU.ActiveCfg = Release|Any CPU
		{BFEF4077-5233-421E-A9FB-B6EA3E2C34A8}.Release|Any CPU.Build.0 = Release|Any CPU
		{BFEF4077-5233-421E-A9FB-B6EA3E2C34A8}.Release|x64.ActiveCfg = Release|Any CPU
		{BFEF4077-5233-421E-A9FB-B6EA3E2C34A8}.Release|x64.Build.0 = Release|Any CPU
		{BFEF4077-5233-421E-A9FB-B6EA3E2C34A8}.Release|x86.ActiveCfg = Release|Any CPU
		{BFEF4077-5233-421E-A9FB-B6EA3E2C34A8}.Release|x86.Build.0 = Release|Any CPU
		{3B62D57E-6A5E-4C54-946C-417A36D0F46F}.Debug|Any CPU.ActiveCfg = Debug|Any CPU
		{3B62D57E-6A5E-4C54-946C-417A36D0F46F}.Debug|Any CPU.Build.0 = Debug|Any CPU
		{3B62D57E-6A5E-4C54-946C-417A36D0F46F}.Debug|x64.ActiveCfg = Debug|Any CPU
		{3B62D57E-6A5E-4C54-946C-417A36D0F46F}.Debug|x64.Build.0 = Debug|Any CPU
		{3B62D57E-6A5E-4C54-946C-417A36D0F46F}.Debug|x86.ActiveCfg = Debug|Any CPU
		{3B62D57E-6A5E-4C54-946C-417A36D0F46F}.Debug|x86.Build.0 = Debug|Any CPU
		{3B62D57E-6A5E-4C54-946C-417A36D0F46F}.Release|Any CPU.ActiveCfg = Release|Any CPU
		{3B62D57E-6A5E-4C54-946C-417A36D0F46F}.Release|Any CPU.Build.0 = Release|Any CPU
		{3B62D57E-6A5E-4C54-946C-417A36D0F46F}.Release|x64.ActiveCfg = Release|Any CPU
		{3B62D57E-6A5E-4C54-946C-417A36D0F46F}.Release|x64.Build.0 = Release|Any CPU
		{3B62D57E-6A5E-4C54-946C-417A36D0F46F}.Release|x86.ActiveCfg = Release|Any CPU
		{3B62D57E-6A5E-4C54-946C-417A36D0F46F}.Release|x86.Build.0 = Release|Any CPU
	EndGlobalSection
	GlobalSection(SolutionProperties) = preSolution
		HideSolutionNode = FALSE
	EndGlobalSection
	GlobalSection(ExtensibilityGlobals) = postSolution
		SolutionGuid = {D1DF5167-A1CE-49FB-B2F1-8E51306E4286}
	EndGlobalSection
EndGlobal
